
Microsoft Visual Studio Solution File, Format Version 12.00
# Visual Studio Version 17
VisualStudioVersion = 17.0.31903.59
MinimumVisualStudioVersion = 10.0.40219.1
Project("{9A19103F-16F7-4668-BE54-9A1E7A4F7556}") = "SuperHeroAPI", "SuperHeroAPI\SuperHeroAPI.csproj", "{09348E2F-8B7C-4867-9E28-0A3B70146933}"
EndProject
Project("{E24C65DC-7377-472B-9ABA-BC803B73C61A}") = "BabalwaSigamla98-main", "..\..\Users\user\Desktop\last\BabalwaSigamla98-main\", "{8C06B0E7-E4A4-4438-976A-80CA37827B1B}"
	ProjectSection(WebsiteProperties) = preProject
		TargetFrameworkMoniker = ".NETFramework,Version%3Dv4.0"
		Debug.AspNetCompiler.VirtualPath = "/localhost_50105"
		Debug.AspNetCompiler.PhysicalPath = "..\..\Users\user\Desktop\last\BabalwaSigamla98-main\"
		Debug.AspNetCompiler.TargetPath = "PrecompiledWeb\localhost_50105\"
		Debug.AspNetCompiler.Updateable = "true"
		Debug.AspNetCompiler.ForceOverwrite = "true"
		Debug.AspNetCompiler.FixedNames = "false"
		Debug.AspNetCompiler.Debug = "True"
		Release.AspNetCompiler.VirtualPath = "/localhost_50105"
		Release.AspNetCompiler.PhysicalPath = "..\..\Users\user\Desktop\last\BabalwaSigamla98-main\"
		Release.AspNetCompiler.TargetPath = "PrecompiledWeb\localhost_50105\"
		Release.AspNetCompiler.Updateable = "true"
		Release.AspNetCompiler.ForceOverwrite = "true"
		Release.AspNetCompiler.FixedNames = "false"
		Release.AspNetCompiler.Debug = "False"
		VWDPort = "50105"
		SlnRelativePath = "..\..\Users\user\Desktop\last\BabalwaSigamla98-main\"
	EndProjectSection
EndProject
Global
	GlobalSection(SolutionConfigurationPlatforms) = preSolution
		Debug|Any CPU = Debug|Any CPU
		Release|Any CPU = Release|Any CPU
	EndGlobalSection
	GlobalSection(ProjectConfigurationPlatforms) = postSolution
		{09348E2F-8B7C-4867-9E28-0A3B70146933}.Debug|Any CPU.ActiveCfg = Debug|Any CPU
		{09348E2F-8B7C-4867-9E28-0A3B70146933}.Debug|Any CPU.Build.0 = Debug|Any CPU
		{09348E2F-8B7C-4867-9E28-0A3B70146933}.Release|Any CPU.ActiveCfg = Release|Any CPU
		{09348E2F-8B7C-4867-9E28-0A3B70146933}.Release|Any CPU.Build.0 = Release|Any CPU
		{8C06B0E7-E4A4-4438-976A-80CA37827B1B}.Debug|Any CPU.ActiveCfg = Debug|Any CPU
		{8C06B0E7-E4A4-4438-976A-80CA37827B1B}.Debug|Any CPU.Build.0 = Debug|Any CPU
		{8C06B0E7-E4A4-4438-976A-80CA37827B1B}.Release|Any CPU.ActiveCfg = Debug|Any CPU
		{8C06B0E7-E4A4-4438-976A-80CA37827B1B}.Release|Any CPU.Build.0 = Debug|Any CPU
	EndGlobalSection
	GlobalSection(SolutionProperties) = preSolution
		HideSolutionNode = FALSE
	EndGlobalSection
	GlobalSection(ExtensibilityGlobals) = postSolution
		SolutionGuid = {00317C44-8E9A-4EC5-A87F-78158A1860E7}
	EndGlobalSection
EndGlobal
